
Microsoft Visual Studio Solution File, Format Version 12.00
# Visual Studio Version 17
VisualStudioVersion = 17.10.35013.160
MinimumVisualStudioVersion = 10.0.40219.1
Project("{FAE04EC0-301F-11D3-BF4B-00C04F79EFBC}") = "WebApplication2", "WebApplication2\WebApplication2.csproj", "{C530234B-084D-4DE7-81E9-E7E87D64F129}"
EndProject
Global
	GlobalSection(SolutionConfigurationPlatforms) = preSolution
		Debug|Any CPU = Debug|Any CPU
		Release|Any CPU = Release|Any CPU
	EndGlobalSection
	GlobalSection(ProjectConfigurationPlatforms) = postSolution
		{C530234B-084D-4DE7-81E9-E7E87D64F129}.Debug|Any CPU.ActiveCfg = Debug|Any CPU
		{C530234B-084D-4DE7-81E9-E7E87D64F129}.Debug|Any CPU.Build.0 = Debug|Any CPU
		{C530234B-084D-4DE7-81E9-E7E87D64F129}.Release|Any CPU.ActiveCfg = Release|Any CPU
		{C530234B-084D-4DE7-81E9-E7E87D64F129}.Release|Any CPU.Build.0 = Release|Any CPU
	EndGlobalSection
	GlobalSection(SolutionProperties) = preSolution
		HideSolutionNode = FALSE
	EndGlobalSection
	GlobalSection(ExtensibilityGlobals) = postSolution
		SolutionGuid = {B80801E4-F0CC-4A45-9782-34A424A48520}
	EndGlobalSection
EndGlobal
